
Microsoft Visual Studio Solution File, Format Version 12.00
# Visual Studio 15
VisualStudioVersion = 15.0.28307.136
MinimumVisualStudioVersion = 10.0.40219.1
Project("{8BC9CEB8-8B4A-11D0-8D11-00A0C91BC942}") = "RMQ", "RMQ\RMQ.vcxproj", "{7E54F7E0-1495-4AF6-B37E-9786C3D98EFC}"
EndProject
Global
	GlobalSection(SolutionConfigurationPlatforms) = preSolution
		Debug|x64 = Debug|x64
		Debug|x86 = Debug|x86
		Release|x64 = Release|x64
		Release|x86 = Release|x86
	EndGlobalSection
	GlobalSection(ProjectConfigurationPlatforms) = postSolution
		{7E54F7E0-1495-4AF6-B37E-9786C3D98EFC}.Debug|x64.ActiveCfg = Debug|x64
		{7E54F7E0-1495-4AF6-B37E-9786C3D98EFC}.Debug|x64.Build.0 = Debug|x64
		{7E54F7E0-1495-4AF6-B37E-9786C3D98EFC}.Debug|x86.ActiveCfg = Debug|Win32
		{7E54F7E0-1495-4AF6-B37E-9786C3D98EFC}.Debug|x86.Build.0 = Debug|Win32
		{7E54F7E0-1495-4AF6-B37E-9786C3D98EFC}.Release|x64.ActiveCfg = Release|x64
		{7E54F7E0-1495-4AF6-B37E-9786C3D98EFC}.Release|x64.Build.0 = Release|x64
		{7E54F7E0-1495-4AF6-B37E-9786C3D98EFC}.Release|x86.ActiveCfg = Release|Win32
		{7E54F7E0-1495-4AF6-B37E-9786C3D98EFC}.Release|x86.Build.0 = Release|Win32
	EndGlobalSection
	GlobalSection(SolutionProperties) = preSolution
		HideSolutionNode = FALSE
	EndGlobalSection
	GlobalSection(ExtensibilityGlobals) = postSolution
		SolutionGuid = {8D5FFA45-977A-4AEC-B7DE-D29780987622}
	EndGlobalSection
EndGlobal
